
Microsoft Visual Studio Solution File, Format Version 12.00
# Visual Studio Version 16
VisualStudioVersion = 16.0.30204.135
MinimumVisualStudioVersion = 10.0.40219.1
Project("{FAE04EC0-301F-11D3-BF4B-00C04F79EFBC}") = "hospitality-taks-BE", "hospitality-taks-BE.csproj", "{26956553-B77F-46D6-91ED-606FA11EBF9B}"
EndProject
Project("{FAE04EC0-301F-11D3-BF4B-00C04F79EFBC}") = "HOSPITALITY.Application", "..\HOSPITALITY.Application\HOSPITALITY.Application.csproj", "{456A6CD6-0049-4FDA-BF5A-0E911A8C87F7}"
EndProject
Global
	GlobalSection(SolutionConfigurationPlatforms) = preSolution
		Debug|Any CPU = Debug|Any CPU
		Release|Any CPU = Release|Any CPU
	EndGlobalSection
	GlobalSection(ProjectConfigurationPlatforms) = postSolution
		{26956553-B77F-46D6-91ED-606FA11EBF9B}.Debug|Any CPU.ActiveCfg = Debug|Any CPU
		{26956553-B77F-46D6-91ED-606FA11EBF9B}.Debug|Any CPU.Build.0 = Debug|Any CPU
		{26956553-B77F-46D6-91ED-606FA11EBF9B}.Release|Any CPU.ActiveCfg = Release|Any CPU
		{26956553-B77F-46D6-91ED-606FA11EBF9B}.Release|Any CPU.Build.0 = Release|Any CPU
		{456A6CD6-0049-4FDA-BF5A-0E911A8C87F7}.Debug|Any CPU.ActiveCfg = Debug|Any CPU
		{456A6CD6-0049-4FDA-BF5A-0E911A8C87F7}.Debug|Any CPU.Build.0 = Debug|Any CPU
		{456A6CD6-0049-4FDA-BF5A-0E911A8C87F7}.Release|Any CPU.ActiveCfg = Release|Any CPU
		{456A6CD6-0049-4FDA-BF5A-0E911A8C87F7}.Release|Any CPU.Build.0 = Release|Any CPU
	EndGlobalSection
	GlobalSection(SolutionProperties) = preSolution
		HideSolutionNode = FALSE
	EndGlobalSection
	GlobalSection(ExtensibilityGlobals) = postSolution
		SolutionGuid = {247B7195-30EC-4C6E-AE7B-2CC4379F7D64}
	EndGlobalSection
EndGlobal
